
Microsoft Visual Studio Solution File, Format Version 12.00
# Visual Studio Version 16
VisualStudioVersion = 16.0.30907.101
MinimumVisualStudioVersion = 10.0.40219.1
Project("{FAE04EC0-301F-11D3-BF4B-00C04F79EFBC}") = "AuthWebapp", "AuthWebapp.csproj", "{00BB5F98-969D-4F0B-B4C0-3B7C8D56AC69}"
EndProject
Global
	GlobalSection(SolutionConfigurationPlatforms) = preSolution
		Debug|Any CPU = Debug|Any CPU
		Release|Any CPU = Release|Any CPU
	EndGlobalSection
	GlobalSection(ProjectConfigurationPlatforms) = postSolution
		{00BB5F98-969D-4F0B-B4C0-3B7C8D56AC69}.Debug|Any CPU.ActiveCfg = Debug|Any CPU
		{00BB5F98-969D-4F0B-B4C0-3B7C8D56AC69}.Debug|Any CPU.Build.0 = Debug|Any CPU
		{00BB5F98-969D-4F0B-B4C0-3B7C8D56AC69}.Release|Any CPU.ActiveCfg = Release|Any CPU
		{00BB5F98-969D-4F0B-B4C0-3B7C8D56AC69}.Release|Any CPU.Build.0 = Release|Any CPU
	EndGlobalSection
	GlobalSection(SolutionProperties) = preSolution
		HideSolutionNode = FALSE
	EndGlobalSection
	GlobalSection(ExtensibilityGlobals) = postSolution
		SolutionGuid = {5CBA3F82-CB7E-45FB-9EF9-4209C9852419}
	EndGlobalSection
EndGlobal
